
Microsoft Visual Studio Solution File, Format Version 12.00
# Visual Studio Version 17
VisualStudioVersion = 17.8.34330.188
MinimumVisualStudioVersion = 10.0.40219.1
Project("{FAE04EC0-301F-11D3-BF4B-00C04F79EFBC}") = "CompanyStaffContact", "CompanyStaffContact.csproj", "{AC65DA29-94BA-498A-976E-1C3BC05C982E}"
EndProject
Project("{FAE04EC0-301F-11D3-BF4B-00C04F79EFBC}") = "StaffContactAPI", "..\StaffContactAPI\StaffContactAPI.csproj", "{7F06B92E-77A4-4E4C-9042-37C29EEC2C3B}"
EndProject
Global
	GlobalSection(SolutionConfigurationPlatforms) = preSolution
		Debug|Any CPU = Debug|Any CPU
		Release|Any CPU = Release|Any CPU
	EndGlobalSection
	GlobalSection(ProjectConfigurationPlatforms) = postSolution
		{AC65DA29-94BA-498A-976E-1C3BC05C982E}.Debug|Any CPU.ActiveCfg = Debug|Any CPU
		{AC65DA29-94BA-498A-976E-1C3BC05C982E}.Debug|Any CPU.Build.0 = Debug|Any CPU
		{AC65DA29-94BA-498A-976E-1C3BC05C982E}.Release|Any CPU.ActiveCfg = Release|Any CPU
		{AC65DA29-94BA-498A-976E-1C3BC05C982E}.Release|Any CPU.Build.0 = Release|Any CPU
		{7F06B92E-77A4-4E4C-9042-37C29EEC2C3B}.Debug|Any CPU.ActiveCfg = Debug|Any CPU
		{7F06B92E-77A4-4E4C-9042-37C29EEC2C3B}.Debug|Any CPU.Build.0 = Debug|Any CPU
		{7F06B92E-77A4-4E4C-9042-37C29EEC2C3B}.Release|Any CPU.ActiveCfg = Release|Any CPU
		{7F06B92E-77A4-4E4C-9042-37C29EEC2C3B}.Release|Any CPU.Build.0 = Release|Any CPU
	EndGlobalSection
	GlobalSection(SolutionProperties) = preSolution
		HideSolutionNode = FALSE
	EndGlobalSection
	GlobalSection(ExtensibilityGlobals) = postSolution
		SolutionGuid = {BA19E3E2-F21F-4F04-B3A5-79B076347F0A}
	EndGlobalSection
EndGlobal
